
Microsoft Visual Studio Solution File, Format Version 12.00
# Visual Studio Version 16
VisualStudioVersion = 16.0.31424.327
MinimumVisualStudioVersion = 10.0.40219.1
Project("{FAE04EC0-301F-11D3-BF4B-00C04F79EFBC}") = "Buoi4", "Buoi4.csproj", "{65561113-5540-40A6-AFEA-2E2235160DAB}"
EndProject
Global
	GlobalSection(SolutionConfigurationPlatforms) = preSolution
		Debug|Any CPU = Debug|Any CPU
		Release|Any CPU = Release|Any CPU
	EndGlobalSection
	GlobalSection(ProjectConfigurationPlatforms) = postSolution
		{65561113-5540-40A6-AFEA-2E2235160DAB}.Debug|Any CPU.ActiveCfg = Debug|Any CPU
		{65561113-5540-40A6-AFEA-2E2235160DAB}.Debug|Any CPU.Build.0 = Debug|Any CPU
		{65561113-5540-40A6-AFEA-2E2235160DAB}.Release|Any CPU.ActiveCfg = Release|Any CPU
		{65561113-5540-40A6-AFEA-2E2235160DAB}.Release|Any CPU.Build.0 = Release|Any CPU
	EndGlobalSection
	GlobalSection(SolutionProperties) = preSolution
		HideSolutionNode = FALSE
	EndGlobalSection
	GlobalSection(ExtensibilityGlobals) = postSolution
		SolutionGuid = {F295F483-2215-43B4-BE91-76A4E5BA16D3}
	EndGlobalSection
EndGlobal
