
Microsoft Visual Studio Solution File, Format Version 12.00
# Visual Studio Version 16
VisualStudioVersion = 16.0.31321.278
MinimumVisualStudioVersion = 10.0.40219.1
Project("{FAE04EC0-301F-11D3-BF4B-00C04F79EFBC}") = "Buoi12", "Buoi12.csproj", "{99E8785A-1DDD-48FF-9D88-6490C4D4E1C6}"
EndProject
Global
	GlobalSection(SolutionConfigurationPlatforms) = preSolution
		Debug|Any CPU = Debug|Any CPU
		Release|Any CPU = Release|Any CPU
	EndGlobalSection
	GlobalSection(ProjectConfigurationPlatforms) = postSolution
		{99E8785A-1DDD-48FF-9D88-6490C4D4E1C6}.Debug|Any CPU.ActiveCfg = Debug|Any CPU
		{99E8785A-1DDD-48FF-9D88-6490C4D4E1C6}.Debug|Any CPU.Build.0 = Debug|Any CPU
		{99E8785A-1DDD-48FF-9D88-6490C4D4E1C6}.Release|Any CPU.ActiveCfg = Release|Any CPU
		{99E8785A-1DDD-48FF-9D88-6490C4D4E1C6}.Release|Any CPU.Build.0 = Release|Any CPU
	EndGlobalSection
	GlobalSection(SolutionProperties) = preSolution
		HideSolutionNode = FALSE
	EndGlobalSection
	GlobalSection(ExtensibilityGlobals) = postSolution
		SolutionGuid = {8B1B2F57-4D64-4303-81B3-C4397E6F31F0}
	EndGlobalSection
EndGlobal
