
Microsoft Visual Studio Solution File, Format Version 12.00
# Visual Studio Version 16
VisualStudioVersion = 16.0.31424.327
MinimumVisualStudioVersion = 10.0.40219.1
Project("{FAE04EC0-301F-11D3-BF4B-00C04F79EFBC}") = "Buoi3", "Buoi3.csproj", "{FAD0C294-69EC-452E-9948-638F94E7152B}"
EndProject
Global
	GlobalSection(SolutionConfigurationPlatforms) = preSolution
		Debug|Any CPU = Debug|Any CPU
		Release|Any CPU = Release|Any CPU
	EndGlobalSection
	GlobalSection(ProjectConfigurationPlatforms) = postSolution
		{FAD0C294-69EC-452E-9948-638F94E7152B}.Debug|Any CPU.ActiveCfg = Debug|Any CPU
		{FAD0C294-69EC-452E-9948-638F94E7152B}.Debug|Any CPU.Build.0 = Debug|Any CPU
		{FAD0C294-69EC-452E-9948-638F94E7152B}.Release|Any CPU.ActiveCfg = Release|Any CPU
		{FAD0C294-69EC-452E-9948-638F94E7152B}.Release|Any CPU.Build.0 = Release|Any CPU
	EndGlobalSection
	GlobalSection(SolutionProperties) = preSolution
		HideSolutionNode = FALSE
	EndGlobalSection
	GlobalSection(ExtensibilityGlobals) = postSolution
		SolutionGuid = {BAEE7FA6-DB7F-41AE-8706-131ACD839755}
	EndGlobalSection
EndGlobal
