
Microsoft Visual Studio Solution File, Format Version 12.00
# Visual Studio Version 16
VisualStudioVersion = 16.0.31613.86
MinimumVisualStudioVersion = 10.0.40219.1
Project("{FAE04EC0-301F-11D3-BF4B-00C04F79EFBC}") = "Buoi5", "Buoi5.csproj", "{BC795B5A-6FCB-49C5-912E-AE66CEFB804A}"
EndProject
Global
	GlobalSection(SolutionConfigurationPlatforms) = preSolution
		Debug|Any CPU = Debug|Any CPU
		Release|Any CPU = Release|Any CPU
	EndGlobalSection
	GlobalSection(ProjectConfigurationPlatforms) = postSolution
		{BC795B5A-6FCB-49C5-912E-AE66CEFB804A}.Debug|Any CPU.ActiveCfg = Debug|Any CPU
		{BC795B5A-6FCB-49C5-912E-AE66CEFB804A}.Debug|Any CPU.Build.0 = Debug|Any CPU
		{BC795B5A-6FCB-49C5-912E-AE66CEFB804A}.Release|Any CPU.ActiveCfg = Release|Any CPU
		{BC795B5A-6FCB-49C5-912E-AE66CEFB804A}.Release|Any CPU.Build.0 = Release|Any CPU
	EndGlobalSection
	GlobalSection(SolutionProperties) = preSolution
		HideSolutionNode = FALSE
	EndGlobalSection
	GlobalSection(ExtensibilityGlobals) = postSolution
		SolutionGuid = {7AC81B40-86C0-4357-AD28-35884F00FA2B}
	EndGlobalSection
EndGlobal
