
Microsoft Visual Studio Solution File, Format Version 12.00
# Visual Studio Version 16
VisualStudioVersion = 16.0.31321.278
MinimumVisualStudioVersion = 10.0.40219.1
Project("{FAE04EC0-301F-11D3-BF4B-00C04F79EFBC}") = "Buoi8", "Buoi8.csproj", "{C8122D65-243F-4C76-B25D-990E46722B39}"
EndProject
Global
	GlobalSection(SolutionConfigurationPlatforms) = preSolution
		Debug|Any CPU = Debug|Any CPU
		Release|Any CPU = Release|Any CPU
	EndGlobalSection
	GlobalSection(ProjectConfigurationPlatforms) = postSolution
		{C8122D65-243F-4C76-B25D-990E46722B39}.Debug|Any CPU.ActiveCfg = Debug|Any CPU
		{C8122D65-243F-4C76-B25D-990E46722B39}.Debug|Any CPU.Build.0 = Debug|Any CPU
		{C8122D65-243F-4C76-B25D-990E46722B39}.Release|Any CPU.ActiveCfg = Release|Any CPU
		{C8122D65-243F-4C76-B25D-990E46722B39}.Release|Any CPU.Build.0 = Release|Any CPU
	EndGlobalSection
	GlobalSection(SolutionProperties) = preSolution
		HideSolutionNode = FALSE
	EndGlobalSection
	GlobalSection(ExtensibilityGlobals) = postSolution
		SolutionGuid = {573208C6-BA2F-49DB-84EF-09FB6DD988E0}
	EndGlobalSection
EndGlobal
